
Microsoft Visual Studio Solution File, Format Version 12.00
# Visual Studio Version 17
VisualStudioVersion = 17.4.33110.190
MinimumVisualStudioVersion = 10.0.40219.1
Project("{FAE04EC0-301F-11D3-BF4B-00C04F79EFBC}") = "QLCHBanHoaQua", "QLCHBanHoaQua.csproj", "{7C12CCD9-C841-41E1-8244-D43C7159720B}"
EndProject
Project("{FAE04EC0-301F-11D3-BF4B-00C04F79EFBC}") = "Framework", "..\Framework\Framework.csproj", "{6C0E6876-FA85-4D13-ABDD-36EBDFC49641}"
EndProject
Global
	GlobalSection(SolutionConfigurationPlatforms) = preSolution
		Debug|Any CPU = Debug|Any CPU
		Release|Any CPU = Release|Any CPU
	EndGlobalSection
	GlobalSection(ProjectConfigurationPlatforms) = postSolution
		{7C12CCD9-C841-41E1-8244-D43C7159720B}.Debug|Any CPU.ActiveCfg = Debug|Any CPU
		{7C12CCD9-C841-41E1-8244-D43C7159720B}.Debug|Any CPU.Build.0 = Debug|Any CPU
		{7C12CCD9-C841-41E1-8244-D43C7159720B}.Release|Any CPU.ActiveCfg = Release|Any CPU
		{7C12CCD9-C841-41E1-8244-D43C7159720B}.Release|Any CPU.Build.0 = Release|Any CPU
		{6C0E6876-FA85-4D13-ABDD-36EBDFC49641}.Debug|Any CPU.ActiveCfg = Debug|Any CPU
		{6C0E6876-FA85-4D13-ABDD-36EBDFC49641}.Debug|Any CPU.Build.0 = Debug|Any CPU
		{6C0E6876-FA85-4D13-ABDD-36EBDFC49641}.Release|Any CPU.ActiveCfg = Release|Any CPU
		{6C0E6876-FA85-4D13-ABDD-36EBDFC49641}.Release|Any CPU.Build.0 = Release|Any CPU
	EndGlobalSection
	GlobalSection(SolutionProperties) = preSolution
		HideSolutionNode = FALSE
	EndGlobalSection
	GlobalSection(ExtensibilityGlobals) = postSolution
		SolutionGuid = {A01B1729-B660-41DC-B64A-3B732B3FBFF8}
	EndGlobalSection
EndGlobal
